{
  "name": "stock-price-aggregation",
  "version": "1.0.0",
  "lockfileVersion": 3,
  "requires": true,
  "packages": {
    "": {
      "name": "stock-price-aggregation",
      "version": "1.0.0",
      "license": "ISC",
      "dependencies": {
        "stock-price-aggregation": "file:"
      }
    },
    "node_modules/stock-price-aggregation": {
      "resolved": "",
      "link": true
    }
  }
}
